
Microsoft Visual Studio Solution File, Format Version 12.00
# Visual Studio Version 16
VisualStudioVersion = 16.0.29509.3
MinimumVisualStudioVersion = 10.0.40219.1
Project("{FAE04EC0-301F-11D3-BF4B-00C04F79EFBC}") = "dinozor oyunu ana", "dinozor oyunu ana\dinozor oyunu ana.csproj", "{01830D95-A619-45C0-AA2F-3DE1921C9052}"
EndProject
Global
	GlobalSection(SolutionConfigurationPlatforms) = preSolution
		Debug|Any CPU = Debug|Any CPU
		Release|Any CPU = Release|Any CPU
	EndGlobalSection
	GlobalSection(ProjectConfigurationPlatforms) = postSolution
		{01830D95-A619-45C0-AA2F-3DE1921C9052}.Debug|Any CPU.ActiveCfg = Debug|Any CPU
		{01830D95-A619-45C0-AA2F-3DE1921C9052}.Debug|Any CPU.Build.0 = Debug|Any CPU
		{01830D95-A619-45C0-AA2F-3DE1921C9052}.Release|Any CPU.ActiveCfg = Release|Any CPU
		{01830D95-A619-45C0-AA2F-3DE1921C9052}.Release|Any CPU.Build.0 = Release|Any CPU
	EndGlobalSection
	GlobalSection(SolutionProperties) = preSolution
		HideSolutionNode = FALSE
	EndGlobalSection
	GlobalSection(ExtensibilityGlobals) = postSolution
		SolutionGuid = {2E2C804F-B96C-450C-9124-D88CE7BD18D0}
	EndGlobalSection
EndGlobal
